
Microsoft Visual Studio Solution File, Format Version 12.00
# Visual Studio Version 16
VisualStudioVersion = 16.0.29009.5
MinimumVisualStudioVersion = 10.0.40219.1
Project("{FAE04EC0-301F-11D3-BF4B-00C04F79EFBC}") = "WebScraping", "WebScraping\WebScraping.csproj", "{DB07AD60-FDCF-4BDA-B137-249F7A1A2553}"
EndProject
Global
	GlobalSection(SolutionConfigurationPlatforms) = preSolution
		Debug|Any CPU = Debug|Any CPU
		Release|Any CPU = Release|Any CPU
	EndGlobalSection
	GlobalSection(ProjectConfigurationPlatforms) = postSolution
		{DB07AD60-FDCF-4BDA-B137-249F7A1A2553}.Debug|Any CPU.ActiveCfg = Debug|Any CPU
		{DB07AD60-FDCF-4BDA-B137-249F7A1A2553}.Debug|Any CPU.Build.0 = Debug|Any CPU
		{DB07AD60-FDCF-4BDA-B137-249F7A1A2553}.Release|Any CPU.ActiveCfg = Release|Any CPU
		{DB07AD60-FDCF-4BDA-B137-249F7A1A2553}.Release|Any CPU.Build.0 = Release|Any CPU
	EndGlobalSection
	GlobalSection(SolutionProperties) = preSolution
		HideSolutionNode = FALSE
	EndGlobalSection
	GlobalSection(ExtensibilityGlobals) = postSolution
		SolutionGuid = {D1761FED-9FEC-4147-85C8-79A465A7FCF3}
	EndGlobalSection
EndGlobal
